
Microsoft Visual Studio Solution File, Format Version 10.00
# Visual C# Express 2008
Project("{FAE04EC0-301F-11D3-BF4B-00C04F79EFBC}") = "Designer", "Designer\Designer.csproj", "{93466C99-5637-4243-A01A-7AF12F706889}"
EndProject
Project("{FAE04EC0-301F-11D3-BF4B-00C04F79EFBC}") = "Communication.SimulatorPlug", "Communication.SimulatorPlug\Communication.SimulatorPlug.csproj", "{58770328-000A-41C0-85E7-58286173C25B}"
EndProject
Project("{FAE04EC0-301F-11D3-BF4B-00C04F79EFBC}") = "Common", "Common\Common.csproj", "{A3D91CED-553F-4433-AD67-8706E0127D8D}"
EndProject
Project("{FAE04EC0-301F-11D3-BF4B-00C04F79EFBC}") = "Common.Tests", "Common.Tests\Common.Tests.csproj", "{0F1A30BC-42ED-41BF-81B6-9F52F3E8D8F6}"
EndProject
Project("{FAE04EC0-301F-11D3-BF4B-00C04F79EFBC}") = "Communication.SimulatorPlug.Tests", "Communication.SimulatorPlug.Tests\Communication.SimulatorPlug.Tests.csproj", "{C9538A59-0753-462F-87F1-D67E2F042968}"
EndProject
Project("{FAE04EC0-301F-11D3-BF4B-00C04F79EFBC}") = "Communication.OPCPlug", "Communication.OPCPlug\Communication.OPCPlug.csproj", "{1B03906B-2421-4A52-86EE-842D90CA642C}"
EndProject
Project("{FAE04EC0-301F-11D3-BF4B-00C04F79EFBC}") = "Designer.Tests", "Designer.Tests\Designer.Tests.csproj", "{E98B42BA-D617-44BD-A55D-18EE931D4AC8}"
EndProject
Project("{FAE04EC0-301F-11D3-BF4B-00C04F79EFBC}") = "RunTime", "RunTime\RunTime.csproj", "{047EED80-A3C6-4A7F-BB4C-E4A64F96B210}"
EndProject
Project("{FAE04EC0-301F-11D3-BF4B-00C04F79EFBC}") = "Communication.MODBUSPlug", "Communication.MODBUSPlug\Communication.MODBUSPlug.csproj", "{BA67D037-F40A-49CE-97B3-91DDE4A44062}"
EndProject
Project("{FAE04EC0-301F-11D3-BF4B-00C04F79EFBC}") = "Communication.OPCPlug.Tests", "Communication.OPCPlug.Tests\Communication.OPCPlug.Tests.csproj", "{7354F666-8F13-4575-850D-6480ED56EA26}"
EndProject
Project("{FAE04EC0-301F-11D3-BF4B-00C04F79EFBC}") = "Communication.Timers", "Communication.Timers\Communication.Timers.csproj", "{9EABAB10-2305-4DFF-8600-1456C0CD4729}"
EndProject
Project("{FAE04EC0-301F-11D3-BF4B-00C04F79EFBC}") = "Archiver", "Archiver\Archiver.csproj", "{0BD3A946-E95E-46B7-A0B2-F89C2B03A5F9}"
EndProject
Project("{FAE04EC0-301F-11D3-BF4B-00C04F79EFBC}") = "Archiver.Tests", "Archiver.Tests\Archiver.Tests.csproj", "{9E7624D5-D5FA-4F59-8AE9-7F2A61C36018}"
EndProject
Global
	GlobalSection(SolutionConfigurationPlatforms) = preSolution
		Debug|Any CPU = Debug|Any CPU
		Release|Any CPU = Release|Any CPU
	EndGlobalSection
	GlobalSection(ProjectConfigurationPlatforms) = postSolution
		{93466C99-5637-4243-A01A-7AF12F706889}.Debug|Any CPU.ActiveCfg = Debug|Any CPU
		{93466C99-5637-4243-A01A-7AF12F706889}.Debug|Any CPU.Build.0 = Debug|Any CPU
		{93466C99-5637-4243-A01A-7AF12F706889}.Release|Any CPU.ActiveCfg = Release|Any CPU
		{93466C99-5637-4243-A01A-7AF12F706889}.Release|Any CPU.Build.0 = Release|Any CPU
		{58770328-000A-41C0-85E7-58286173C25B}.Debug|Any CPU.ActiveCfg = Debug|Any CPU
		{58770328-000A-41C0-85E7-58286173C25B}.Debug|Any CPU.Build.0 = Debug|Any CPU
		{58770328-000A-41C0-85E7-58286173C25B}.Release|Any CPU.ActiveCfg = Release|Any CPU
		{58770328-000A-41C0-85E7-58286173C25B}.Release|Any CPU.Build.0 = Release|Any CPU
		{A3D91CED-553F-4433-AD67-8706E0127D8D}.Debug|Any CPU.ActiveCfg = Debug|Any CPU
		{A3D91CED-553F-4433-AD67-8706E0127D8D}.Debug|Any CPU.Build.0 = Debug|Any CPU
		{A3D91CED-553F-4433-AD67-8706E0127D8D}.Release|Any CPU.ActiveCfg = Release|Any CPU
		{A3D91CED-553F-4433-AD67-8706E0127D8D}.Release|Any CPU.Build.0 = Release|Any CPU
		{0F1A30BC-42ED-41BF-81B6-9F52F3E8D8F6}.Debug|Any CPU.ActiveCfg = Debug|Any CPU
		{0F1A30BC-42ED-41BF-81B6-9F52F3E8D8F6}.Debug|Any CPU.Build.0 = Debug|Any CPU
		{0F1A30BC-42ED-41BF-81B6-9F52F3E8D8F6}.Release|Any CPU.ActiveCfg = Release|Any CPU
		{0F1A30BC-42ED-41BF-81B6-9F52F3E8D8F6}.Release|Any CPU.Build.0 = Release|Any CPU
		{C9538A59-0753-462F-87F1-D67E2F042968}.Debug|Any CPU.ActiveCfg = Debug|Any CPU
		{C9538A59-0753-462F-87F1-D67E2F042968}.Debug|Any CPU.Build.0 = Debug|Any CPU
		{C9538A59-0753-462F-87F1-D67E2F042968}.Release|Any CPU.ActiveCfg = Release|Any CPU
		{C9538A59-0753-462F-87F1-D67E2F042968}.Release|Any CPU.Build.0 = Release|Any CPU
		{1B03906B-2421-4A52-86EE-842D90CA642C}.Debug|Any CPU.ActiveCfg = Debug|Any CPU
		{1B03906B-2421-4A52-86EE-842D90CA642C}.Debug|Any CPU.Build.0 = Debug|Any CPU
		{1B03906B-2421-4A52-86EE-842D90CA642C}.Release|Any CPU.ActiveCfg = Release|Any CPU
		{1B03906B-2421-4A52-86EE-842D90CA642C}.Release|Any CPU.Build.0 = Release|Any CPU
		{E98B42BA-D617-44BD-A55D-18EE931D4AC8}.Debug|Any CPU.ActiveCfg = Debug|Any CPU
		{E98B42BA-D617-44BD-A55D-18EE931D4AC8}.Debug|Any CPU.Build.0 = Debug|Any CPU
		{E98B42BA-D617-44BD-A55D-18EE931D4AC8}.Release|Any CPU.ActiveCfg = Release|Any CPU
		{E98B42BA-D617-44BD-A55D-18EE931D4AC8}.Release|Any CPU.Build.0 = Release|Any CPU
		{047EED80-A3C6-4A7F-BB4C-E4A64F96B210}.Debug|Any CPU.ActiveCfg = Debug|Any CPU
		{047EED80-A3C6-4A7F-BB4C-E4A64F96B210}.Debug|Any CPU.Build.0 = Debug|Any CPU
		{047EED80-A3C6-4A7F-BB4C-E4A64F96B210}.Release|Any CPU.ActiveCfg = Release|Any CPU
		{047EED80-A3C6-4A7F-BB4C-E4A64F96B210}.Release|Any CPU.Build.0 = Release|Any CPU
		{BA67D037-F40A-49CE-97B3-91DDE4A44062}.Debug|Any CPU.ActiveCfg = Debug|Any CPU
		{BA67D037-F40A-49CE-97B3-91DDE4A44062}.Debug|Any CPU.Build.0 = Debug|Any CPU
		{BA67D037-F40A-49CE-97B3-91DDE4A44062}.Release|Any CPU.ActiveCfg = Release|Any CPU
		{BA67D037-F40A-49CE-97B3-91DDE4A44062}.Release|Any CPU.Build.0 = Release|Any CPU
		{7354F666-8F13-4575-850D-6480ED56EA26}.Debug|Any CPU.ActiveCfg = Debug|Any CPU
		{7354F666-8F13-4575-850D-6480ED56EA26}.Debug|Any CPU.Build.0 = Debug|Any CPU
		{7354F666-8F13-4575-850D-6480ED56EA26}.Release|Any CPU.ActiveCfg = Release|Any CPU
		{7354F666-8F13-4575-850D-6480ED56EA26}.Release|Any CPU.Build.0 = Release|Any CPU
		{9EABAB10-2305-4DFF-8600-1456C0CD4729}.Debug|Any CPU.ActiveCfg = Debug|Any CPU
		{9EABAB10-2305-4DFF-8600-1456C0CD4729}.Debug|Any CPU.Build.0 = Debug|Any CPU
		{9EABAB10-2305-4DFF-8600-1456C0CD4729}.Release|Any CPU.ActiveCfg = Release|Any CPU
		{9EABAB10-2305-4DFF-8600-1456C0CD4729}.Release|Any CPU.Build.0 = Release|Any CPU
		{0BD3A946-E95E-46B7-A0B2-F89C2B03A5F9}.Debug|Any CPU.ActiveCfg = Debug|Any CPU
		{0BD3A946-E95E-46B7-A0B2-F89C2B03A5F9}.Debug|Any CPU.Build.0 = Debug|Any CPU
		{0BD3A946-E95E-46B7-A0B2-F89C2B03A5F9}.Release|Any CPU.ActiveCfg = Release|Any CPU
		{0BD3A946-E95E-46B7-A0B2-F89C2B03A5F9}.Release|Any CPU.Build.0 = Release|Any CPU
		{9E7624D5-D5FA-4F59-8AE9-7F2A61C36018}.Debug|Any CPU.ActiveCfg = Debug|Any CPU
		{9E7624D5-D5FA-4F59-8AE9-7F2A61C36018}.Debug|Any CPU.Build.0 = Debug|Any CPU
		{9E7624D5-D5FA-4F59-8AE9-7F2A61C36018}.Release|Any CPU.ActiveCfg = Release|Any CPU
		{9E7624D5-D5FA-4F59-8AE9-7F2A61C36018}.Release|Any CPU.Build.0 = Release|Any CPU
	EndGlobalSection
	GlobalSection(SolutionProperties) = preSolution
		HideSolutionNode = FALSE
	EndGlobalSection
EndGlobal
