
Microsoft Visual Studio Solution File, Format Version 10.00
# Visual Studio 2008
Project("{930C7802-8A8C-48F9-8165-68863BCCD9DD}") = "Installer", "Installer\Installer.wixproj", "{9D33892C-7099-40D1-BD35-CC04DBA81592}"
	ProjectSection(ProjectDependencies) = postProject
		{047EED80-A3C6-4A7F-BB4C-E4A64F96B210} = {047EED80-A3C6-4A7F-BB4C-E4A64F96B210}
	EndProjectSection
EndProject
Project("{FAE04EC0-301F-11D3-BF4B-00C04F79EFBC}") = "Designer", "Designer\Designer.csproj", "{93466C99-5637-4243-A01A-7AF12F706889}"
EndProject
Project("{FAE04EC0-301F-11D3-BF4B-00C04F79EFBC}") = "Communication.SimulatorPlug", "Communication.SimulatorPlug\Communication.SimulatorPlug.csproj", "{58770328-000A-41C0-85E7-58286173C25B}"
EndProject
Project("{FAE04EC0-301F-11D3-BF4B-00C04F79EFBC}") = "Common", "Common\Common.csproj", "{A3D91CED-553F-4433-AD67-8706E0127D8D}"
EndProject
Project("{FAE04EC0-301F-11D3-BF4B-00C04F79EFBC}") = "Communication.OPCPlug", "Communication.OPCPlug\Communication.OPCPlug.csproj", "{1B03906B-2421-4A52-86EE-842D90CA642C}"
EndProject
Project("{FAE04EC0-301F-11D3-BF4B-00C04F79EFBC}") = "RunTime", "RunTime\RunTime.csproj", "{047EED80-A3C6-4A7F-BB4C-E4A64F96B210}"
EndProject
Global
	GlobalSection(SolutionConfigurationPlatforms) = preSolution
		Debug|Any CPU = Debug|Any CPU
		Release|Any CPU = Release|Any CPU
	EndGlobalSection
	GlobalSection(ProjectConfigurationPlatforms) = postSolution
		{9D33892C-7099-40D1-BD35-CC04DBA81592}.Debug|Any CPU.ActiveCfg = Debug|Any CPU
		{9D33892C-7099-40D1-BD35-CC04DBA81592}.Debug|Any CPU.Build.0 = Debug|Any CPU
		{9D33892C-7099-40D1-BD35-CC04DBA81592}.Release|Any CPU.ActiveCfg = Release|Any CPU
		{9D33892C-7099-40D1-BD35-CC04DBA81592}.Release|Any CPU.Build.0 = Release|Any CPU
		{93466C99-5637-4243-A01A-7AF12F706889}.Debug|Any CPU.ActiveCfg = Debug|Any CPU
		{93466C99-5637-4243-A01A-7AF12F706889}.Debug|Any CPU.Build.0 = Debug|Any CPU
		{93466C99-5637-4243-A01A-7AF12F706889}.Release|Any CPU.ActiveCfg = Release|Any CPU
		{93466C99-5637-4243-A01A-7AF12F706889}.Release|Any CPU.Build.0 = Release|Any CPU
		{58770328-000A-41C0-85E7-58286173C25B}.Debug|Any CPU.ActiveCfg = Debug|Any CPU
		{58770328-000A-41C0-85E7-58286173C25B}.Debug|Any CPU.Build.0 = Debug|Any CPU
		{58770328-000A-41C0-85E7-58286173C25B}.Release|Any CPU.ActiveCfg = Release|Any CPU
		{58770328-000A-41C0-85E7-58286173C25B}.Release|Any CPU.Build.0 = Release|Any CPU
		{A3D91CED-553F-4433-AD67-8706E0127D8D}.Debug|Any CPU.ActiveCfg = Debug|Any CPU
		{A3D91CED-553F-4433-AD67-8706E0127D8D}.Debug|Any CPU.Build.0 = Debug|Any CPU
		{A3D91CED-553F-4433-AD67-8706E0127D8D}.Release|Any CPU.ActiveCfg = Release|Any CPU
		{A3D91CED-553F-4433-AD67-8706E0127D8D}.Release|Any CPU.Build.0 = Release|Any CPU
		{1B03906B-2421-4A52-86EE-842D90CA642C}.Debug|Any CPU.ActiveCfg = Debug|Any CPU
		{1B03906B-2421-4A52-86EE-842D90CA642C}.Debug|Any CPU.Build.0 = Debug|Any CPU
		{1B03906B-2421-4A52-86EE-842D90CA642C}.Release|Any CPU.ActiveCfg = Release|Any CPU
		{1B03906B-2421-4A52-86EE-842D90CA642C}.Release|Any CPU.Build.0 = Release|Any CPU
		{047EED80-A3C6-4A7F-BB4C-E4A64F96B210}.Debug|Any CPU.ActiveCfg = Debug|Any CPU
		{047EED80-A3C6-4A7F-BB4C-E4A64F96B210}.Debug|Any CPU.Build.0 = Debug|Any CPU
		{047EED80-A3C6-4A7F-BB4C-E4A64F96B210}.Release|Any CPU.ActiveCfg = Release|Any CPU
		{047EED80-A3C6-4A7F-BB4C-E4A64F96B210}.Release|Any CPU.Build.0 = Release|Any CPU
	EndGlobalSection
	GlobalSection(SolutionProperties) = preSolution
		HideSolutionNode = FALSE
	EndGlobalSection
EndGlobal
